// !$*UTF8*$!
{
	archiveVersion = 1;
	classes = {
	};
	objectVersion = 46;
	objects = {

/* Begin PBXBuildFile section */
		18829764198F895F00AF8881 /* Foundation.framework in Frameworks */ = {isa = PBXBuildFile; fileRef = 18829763198F895F00AF8881 /* Foundation.framework */; };
		18829766198F895F00AF8881 /* CoreGraphics.framework in Frameworks */ = {isa = PBXBuildFile; fileRef = 18829765198F895F00AF8881 /* CoreGraphics.framework */; };
		18829768198F895F00AF8881 /* UIKit.framework in Frameworks */ = {isa = PBXBuildFile; fileRef = 18829767198F895F00AF8881 /* UIKit.framework */; };
		1882976E198F895F00AF8881 /* InfoPlist.strings in Resources */ = {isa = PBXBuildFile; fileRef = 1882976C198F895F00AF8881 /* InfoPlist.strings */; };
		18829770198F895F00AF8881 /* main.m in Sources */ = {isa = PBXBuildFile; fileRef = 1882976F198F895F00AF8881 /* main.m */; };
		18829774198F895F00AF8881 /* AppDelegate.m in Sources */ = {isa = PBXBuildFile; fileRef = 18829773198F895F00AF8881 /* AppDelegate.m */; };
		18829776198F895F00AF8881 /* Images.xcassets in Resources */ = {isa = PBXBuildFile; fileRef = 18829775198F895F00AF8881 /* Images.xcassets */; };
		1882977D198F895F00AF8881 /* XCTest.framework in Frameworks */ = {isa = PBXBuildFile; fileRef = 1882977C198F895F00AF8881 /* XCTest.framework */; };
		1882977E198F895F00AF8881 /* Foundation.framework in Frameworks */ = {isa = PBXBuildFile; fileRef = 18829763198F895F00AF8881 /* Foundation.framework */; };
		1882977F198F895F00AF8881 /* UIKit.framework in Frameworks */ = {isa = PBXBuildFile; fileRef = 18829767198F895F00AF8881 /* UIKit.framework */; };
		18829787198F895F00AF8881 /* InfoPlist.strings in Resources */ = {isa = PBXBuildFile; fileRef = 18829785198F895F00AF8881 /* InfoPlist.strings */; };
		18829789198F895F00AF8881 /* Google_PathTests.m in Sources */ = {isa = PBXBuildFile; fileRef = 18829788198F895F00AF8881 /* Google_PathTests.m */; };
		18829798198F899100AF8881 /* googlePathDrawViewController.m in Sources */ = {isa = PBXBuildFile; fileRef = 18829796198F899100AF8881 /* googlePathDrawViewController.m */; };
		18829799198F899100AF8881 /* googlePathDrawViewController.xib in Resources */ = {isa = PBXBuildFile; fileRef = 18829797198F899100AF8881 /* googlePathDrawViewController.xib */; };
		1882979D198F8ADD00AF8881 /* AVFoundation.framework in Frameworks */ = {isa = PBXBuildFile; fileRef = 1882979C198F8ADD00AF8881 /* AVFoundation.framework */; };
		1882979F198F8AEC00AF8881 /* CoreData.framework in Frameworks */ = {isa = PBXBuildFile; fileRef = 1882979E198F8AEC00AF8881 /* CoreData.framework */; };
		188297A1198F8AF400AF8881 /* CoreLocation.framework in Frameworks */ = {isa = PBXBuildFile; fileRef = 188297A0198F8AF400AF8881 /* CoreLocation.framework */; };
		188297A3198F8AFB00AF8881 /* CoreText.framework in Frameworks */ = {isa = PBXBuildFile; fileRef = 188297A2198F8AFB00AF8881 /* CoreText.framework */; };
		188297A5198F8B0100AF8881 /* GLKit.framework in Frameworks */ = {isa = PBXBuildFile; fileRef = 188297A4198F8B0100AF8881 /* GLKit.framework */; };
		188297A7198F8B0800AF8881 /* ImageIO.framework in Frameworks */ = {isa = PBXBuildFile; fileRef = 188297A6198F8B0800AF8881 /* ImageIO.framework */; };
		188297A9198F8B1700AF8881 /* libc++.dylib in Frameworks */ = {isa = PBXBuildFile; fileRef = 188297A8198F8B1700AF8881 /* libc++.dylib */; };
		188297AB198F8B1E00AF8881 /* libicucore.dylib in Frameworks */ = {isa = PBXBuildFile; fileRef = 188297AA198F8B1E00AF8881 /* libicucore.dylib */; };
		188297AD198F8B2500AF8881 /* libz.dylib in Frameworks */ = {isa = PBXBuildFile; fileRef = 188297AC198F8B2500AF8881 /* libz.dylib */; };
		188297AF198F8B2B00AF8881 /* OpenGLES.framework in Frameworks */ = {isa = PBXBuildFile; fileRef = 188297AE198F8B2B00AF8881 /* OpenGLES.framework */; };
		188297B1198F8B3100AF8881 /* QuartzCore.framework in Frameworks */ = {isa = PBXBuildFile; fileRef = 188297B0198F8B3100AF8881 /* QuartzCore.framework */; };
		188297B3198F8B3900AF8881 /* SystemConfiguration.framework in Frameworks */ = {isa = PBXBuildFile; fileRef = 188297B2198F8B3900AF8881 /* SystemConfiguration.framework */; };
		188297B9198F98DD00AF8881 /* GoogleMaps.framework in Frameworks */ = {isa = PBXBuildFile; fileRef = 188297B8198F98DD00AF8881 /* GoogleMaps.framework */; };
		188297BB198F98F900AF8881 /* GoogleMaps.bundle in Resources */ = {isa = PBXBuildFile; fileRef = 188297BA198F98F900AF8881 /* GoogleMaps.bundle */; };
		188297D2198FAA8600AF8881 /* ASIAuthenticationDialog.m in Sources */ = {isa = PBXBuildFile; fileRef = 188297BD198FAA8600AF8881 /* ASIAuthenticationDialog.m */; settings = {COMPILER_FLAGS = "-fno-objc-arc"; }; };
		188297D3198FAA8600AF8881 /* ASIDataCompressor.m in Sources */ = {isa = PBXBuildFile; fileRef = 188297C0198FAA8600AF8881 /* ASIDataCompressor.m */; settings = {COMPILER_FLAGS = "-fno-objc-arc"; }; };
		188297D4198FAA8600AF8881 /* ASIDataDecompressor.m in Sources */ = {isa = PBXBuildFile; fileRef = 188297C2198FAA8600AF8881 /* ASIDataDecompressor.m */; settings = {COMPILER_FLAGS = "-fno-objc-arc"; }; };
		188297D5198FAA8600AF8881 /* ASIDownloadCache.m in Sources */ = {isa = PBXBuildFile; fileRef = 188297C4198FAA8600AF8881 /* ASIDownloadCache.m */; settings = {COMPILER_FLAGS = "-fno-objc-arc"; }; };
		188297D6198FAA8600AF8881 /* ASIFormDataRequest.m in Sources */ = {isa = PBXBuildFile; fileRef = 188297C6198FAA8600AF8881 /* ASIFormDataRequest.m */; settings = {COMPILER_FLAGS = "-fno-objc-arc"; }; };
		188297D7198FAA8600AF8881 /* ASIHTTPRequest.m in Sources */ = {isa = PBXBuildFile; fileRef = 188297C8198FAA8600AF8881 /* ASIHTTPRequest.m */; settings = {COMPILER_FLAGS = "-fno-objc-arc"; }; };
		188297D8198FAA8600AF8881 /* ASIInputStream.m in Sources */ = {isa = PBXBuildFile; fileRef = 188297CC198FAA8600AF8881 /* ASIInputStream.m */; settings = {COMPILER_FLAGS = "-fno-objc-arc"; }; };
		188297D9198FAA8600AF8881 /* ASINetworkQueue.m in Sources */ = {isa = PBXBuildFile; fileRef = 188297CE198FAA8600AF8881 /* ASINetworkQueue.m */; settings = {COMPILER_FLAGS = "-fno-objc-arc"; }; };
		188297DA198FAA8600AF8881 /* LRouteController.m in Sources */ = {isa = PBXBuildFile; fileRef = 188297D1198FAA8600AF8881 /* LRouteController.m */; };
		188297DE198FAB9900AF8881 /* Reachability.m in Sources */ = {isa = PBXBuildFile; fileRef = 188297DD198FAB9900AF8881 /* Reachability.m */; };
/* End PBXBuildFile section */

/* Begin PBXContainerItemProxy section */
		18829780198F895F00AF8881 /* PBXContainerItemProxy */ = {
			isa = PBXContainerItemProxy;
			containerPortal = 18829758198F895F00AF8881 /* Project object */;
			proxyType = 1;
			remoteGlobalIDString = 1882975F198F895F00AF8881;
			remoteInfo = "Google Path";
		};
/* End PBXContainerItemProxy section */

/* Begin PBXFileReference section */
		18829760198F895F00AF8881 /* Google Path.app */ = {isa = PBXFileReference; explicitFileType = wrapper.application; includeInIndex = 0; path = "Google Path.app"; sourceTree = BUILT_PRODUCTS_DIR; };
		18829763198F895F00AF8881 /* Foundation.framework */ = {isa = PBXFileReference; lastKnownFileType = wrapper.framework; name = Foundation.framework; path = System/Library/Frameworks/Foundation.framework; sourceTree = SDKROOT; };
		18829765198F895F00AF8881 /* CoreGraphics.framework */ = {isa = PBXFileReference; lastKnownFileType = wrapper.framework; name = CoreGraphics.framework; path = System/Library/Frameworks/CoreGraphics.framework; sourceTree = SDKROOT; };
		18829767198F895F00AF8881 /* UIKit.framework */ = {isa = PBXFileReference; lastKnownFileType = wrapper.framework; name = UIKit.framework; path = System/Library/Frameworks/UIKit.framework; sourceTree = SDKROOT; };
		1882976B198F895F00AF8881 /* Google Path-Info.plist */ = {isa = PBXFileReference; lastKnownFileType = text.plist.xml; path = "Google Path-Info.plist"; sourceTree = "<group>"; };
		1882976D198F895F00AF8881 /* en */ = {isa = PBXFileReference; lastKnownFileType = text.plist.strings; name = en; path = en.lproj/InfoPlist.strings; sourceTree = "<group>"; };
		1882976F198F895F00AF8881 /* main.m */ = {isa = PBXFileReference; lastKnownFileType = sourcecode.c.objc; path = main.m; sourceTree = "<group>"; };
		18829771198F895F00AF8881 /* Google Path-Prefix.pch */ = {isa = PBXFileReference; lastKnownFileType = sourcecode.c.h; path = "Google Path-Prefix.pch"; sourceTree = "<group>"; };
		18829772198F895F00AF8881 /* AppDelegate.h */ = {isa = PBXFileReference; lastKnownFileType = sourcecode.c.h; path = AppDelegate.h; sourceTree = "<group>"; };
		18829773198F895F00AF8881 /* AppDelegate.m */ = {isa = PBXFileReference; lastKnownFileType = sourcecode.c.objc; path = AppDelegate.m; sourceTree = "<group>"; };
		18829775198F895F00AF8881 /* Images.xcassets */ = {isa = PBXFileReference; lastKnownFileType = folder.assetcatalog; path = Images.xcassets; sourceTree = "<group>"; };
		1882977B198F895F00AF8881 /* Google PathTests.xctest */ = {isa = PBXFileReference; explicitFileType = wrapper.cfbundle; includeInIndex = 0; path = "Google PathTests.xctest"; sourceTree = BUILT_PRODUCTS_DIR; };
		1882977C198F895F00AF8881 /* XCTest.framework */ = {isa = PBXFileReference; lastKnownFileType = wrapper.framework; name = XCTest.framework; path = Library/Frameworks/XCTest.framework; sourceTree = DEVELOPER_DIR; };
		18829784198F895F00AF8881 /* Google PathTests-Info.plist */ = {isa = PBXFileReference; lastKnownFileType = text.plist.xml; path = "Google PathTests-Info.plist"; sourceTree = "<group>"; };
		18829786198F895F00AF8881 /* en */ = {isa = PBXFileReference; lastKnownFileType = text.plist.strings; name = en; path = en.lproj/InfoPlist.strings; sourceTree = "<group>"; };
		18829788198F895F00AF8881 /* Google_PathTests.m */ = {isa = PBXFileReference; lastKnownFileType = sourcecode.c.objc; path = Google_PathTests.m; sourceTree = "<group>"; };
		18829795198F899100AF8881 /* googlePathDrawViewController.h */ = {isa = PBXFileReference; fileEncoding = 4; lastKnownFileType = sourcecode.c.h; path = googlePathDrawViewController.h; sourceTree = "<group>"; };
		18829796198F899100AF8881 /* googlePathDrawViewController.m */ = {isa = PBXFileReference; fileEncoding = 4; lastKnownFileType = sourcecode.c.objc; path = googlePathDrawViewController.m; sourceTree = "<group>"; };
		18829797198F899100AF8881 /* googlePathDrawViewController.xib */ = {isa = PBXFileReference; fileEncoding = 4; lastKnownFileType = file.xib; path = googlePathDrawViewController.xib; sourceTree = "<group>"; };
		1882979C198F8ADD00AF8881 /* AVFoundation.framework */ = {isa = PBXFileReference; lastKnownFileType = wrapper.framework; name = AVFoundation.framework; path = System/Library/Frameworks/AVFoundation.framework; sourceTree = SDKROOT; };
		1882979E198F8AEC00AF8881 /* CoreData.framework */ = {isa = PBXFileReference; lastKnownFileType = wrapper.framework; name = CoreData.framework; path = System/Library/Frameworks/CoreData.framework; sourceTree = SDKROOT; };
		188297A0198F8AF400AF8881 /* CoreLocation.framework */ = {isa = PBXFileReference; lastKnownFileType = wrapper.framework; name = CoreLocation.framework; path = System/Library/Frameworks/CoreLocation.framework; sourceTree = SDKROOT; };
		188297A2198F8AFB00AF8881 /* CoreText.framework */ = {isa = PBXFileReference; lastKnownFileType = wrapper.framework; name = CoreText.framework; path = System/Library/Frameworks/CoreText.framework; sourceTree = SDKROOT; };
		188297A4198F8B0100AF8881 /* GLKit.framework */ = {isa = PBXFileReference; lastKnownFileType = wrapper.framework; name = GLKit.framework; path = System/Library/Frameworks/GLKit.framework; sourceTree = SDKROOT; };
		188297A6198F8B0800AF8881 /* ImageIO.framework */ = {isa = PBXFileReference; lastKnownFileType = wrapper.framework; name = ImageIO.framework; path = System/Library/Frameworks/ImageIO.framework; sourceTree = SDKROOT; };
		188297A8198F8B1700AF8881 /* libc++.dylib */ = {isa = PBXFileReference; lastKnownFileType = "compiled.mach-o.dylib"; name = "libc++.dylib"; path = "usr/lib/libc++.dylib"; sourceTree = SDKROOT; };
		188297AA198F8B1E00AF8881 /* libicucore.dylib */ = {isa = PBXFileReference; lastKnownFileType = "compiled.mach-o.dylib"; name = libicucore.dylib; path = usr/lib/libicucore.dylib; sourceTree = SDKROOT; };
		188297AC198F8B2500AF8881 /* libz.dylib */ = {isa = PBXFileReference; lastKnownFileType = "compiled.mach-o.dylib"; name = libz.dylib; path = usr/lib/libz.dylib; sourceTree = SDKROOT; };
		188297AE198F8B2B00AF8881 /* OpenGLES.framework */ = {isa = PBXFileReference; lastKnownFileType = wrapper.framework; name = OpenGLES.framework; path = System/Library/Frameworks/OpenGLES.framework; sourceTree = SDKROOT; };
		188297B0198F8B3100AF8881 /* QuartzCore.framework */ = {isa = PBXFileReference; lastKnownFileType = wrapper.framework; name = QuartzCore.framework; path = System/Library/Frameworks/QuartzCore.framework; sourceTree = SDKROOT; };
		188297B2198F8B3900AF8881 /* SystemConfiguration.framework */ = {isa = PBXFileReference; lastKnownFileType = wrapper.framework; name = SystemConfiguration.framework; path = System/Library/Frameworks/SystemConfiguration.framework; sourceTree = SDKROOT; };
		188297B8198F98DD00AF8881 /* GoogleMaps.framework */ = {isa = PBXFileReference; lastKnownFileType = wrapper.framework; path = GoogleMaps.framework; sourceTree = "<group>"; };
		188297BA198F98F900AF8881 /* GoogleMaps.bundle */ = {isa = PBXFileReference; lastKnownFileType = "wrapper.plug-in"; name = GoogleMaps.bundle; path = GoogleMaps.framework/Versions/A/Resources/GoogleMaps.bundle; sourceTree = "<group>"; };
		188297BC198FAA8600AF8881 /* ASIAuthenticationDialog.h */ = {isa = PBXFileReference; fileEncoding = 4; lastKnownFileType = sourcecode.c.h; path = ASIAuthenticationDialog.h; sourceTree = "<group>"; };
		188297BD198FAA8600AF8881 /* ASIAuthenticationDialog.m */ = {isa = PBXFileReference; fileEncoding = 4; lastKnownFileType = sourcecode.c.objc; path = ASIAuthenticationDialog.m; sourceTree = "<group>"; };
		188297BE198FAA8600AF8881 /* ASICacheDelegate.h */ = {isa = PBXFileReference; fileEncoding = 4; lastKnownFileType = sourcecode.c.h; path = ASICacheDelegate.h; sourceTree = "<group>"; };
		188297BF198FAA8600AF8881 /* ASIDataCompressor.h */ = {isa = PBXFileReference; fileEncoding = 4; lastKnownFileType = sourcecode.c.h; path = ASIDataCompressor.h; sourceTree = "<group>"; };
		188297C0198FAA8600AF8881 /* ASIDataCompressor.m */ = {isa = PBXFileReference; fileEncoding = 4; lastKnownFileType = sourcecode.c.objc; path = ASIDataCompressor.m; sourceTree = "<group>"; };
		188297C1198FAA8600AF8881 /* ASIDataDecompressor.h */ = {isa = PBXFileReference; fileEncoding = 4; lastKnownFileType = sourcecode.c.h; path = ASIDataDecompressor.h; sourceTree = "<group>"; };
		188297C2198FAA8600AF8881 /* ASIDataDecompressor.m */ = {isa = PBXFileReference; fileEncoding = 4; lastKnownFileType = sourcecode.c.objc; path = ASIDataDecompressor.m; sourceTree = "<group>"; };
		188297C3198FAA8600AF8881 /* ASIDownloadCache.h */ = {isa = PBXFileReference; fileEncoding = 4; lastKnownFileType = sourcecode.c.h; path = ASIDownloadCache.h; sourceTree = "<group>"; };
		188297C4198FAA8600AF8881 /* ASIDownloadCache.m */ = {isa = PBXFileReference; fileEncoding = 4; lastKnownFileType = sourcecode.c.objc; path = ASIDownloadCache.m; sourceTree = "<group>"; };
		188297C5198FAA8600AF8881 /* ASIFormDataRequest.h */ = {isa = PBXFileReference; fileEncoding = 4; lastKnownFileType = sourcecode.c.h; path = ASIFormDataRequest.h; sourceTree = "<group>"; };
		188297C6198FAA8600AF8881 /* ASIFormDataRequest.m */ = {isa = PBXFileReference; fileEncoding = 4; lastKnownFileType = sourcecode.c.objc; path = ASIFormDataRequest.m; sourceTree = "<group>"; };
		188297C7198FAA8600AF8881 /* ASIHTTPRequest.h */ = {isa = PBXFileReference; fileEncoding = 4; lastKnownFileType = sourcecode.c.h; path = ASIHTTPRequest.h; sourceTree = "<group>"; };
		188297C8198FAA8600AF8881 /* ASIHTTPRequest.m */ = {isa = PBXFileReference; fileEncoding = 4; lastKnownFileType = sourcecode.c.objc; path = ASIHTTPRequest.m; sourceTree = "<group>"; };
		188297C9198FAA8600AF8881 /* ASIHTTPRequestConfig.h */ = {isa = PBXFileReference; fileEncoding = 4; lastKnownFileType = sourcecode.c.h; path = ASIHTTPRequestConfig.h; sourceTree = "<group>"; };
		188297CA198FAA8600AF8881 /* ASIHTTPRequestDelegate.h */ = {isa = PBXFileReference; fileEncoding = 4; lastKnownFileType = sourcecode.c.h; path = ASIHTTPRequestDelegate.h; sourceTree = "<group>"; };
		188297CB198FAA8600AF8881 /* ASIInputStream.h */ = {isa = PBXFileReference; fileEncoding = 4; lastKnownFileType = sourcecode.c.h; path = ASIInputStream.h; sourceTree = "<group>"; };
		188297CC198FAA8600AF8881 /* ASIInputStream.m */ = {isa = PBXFileReference; fileEncoding = 4; lastKnownFileType = sourcecode.c.objc; path = ASIInputStream.m; sourceTree = "<group>"; };
		188297CD198FAA8600AF8881 /* ASINetworkQueue.h */ = {isa = PBXFileReference; fileEncoding = 4; lastKnownFileType = sourcecode.c.h; path = ASINetworkQueue.h; sourceTree = "<group>"; };
		188297CE198FAA8600AF8881 /* ASINetworkQueue.m */ = {isa = PBXFileReference; fileEncoding = 4; lastKnownFileType = sourcecode.c.objc; path = ASINetworkQueue.m; sourceTree = "<group>"; };
		188297CF198FAA8600AF8881 /* ASIProgressDelegate.h */ = {isa = PBXFileReference; fileEncoding = 4; lastKnownFileType = sourcecode.c.h; path = ASIProgressDelegate.h; sourceTree = "<group>"; };
		188297D0198FAA8600AF8881 /* LRouteController.h */ = {isa = PBXFileReference; fileEncoding = 4; lastKnownFileType = sourcecode.c.h; path = LRouteController.h; sourceTree = "<group>"; };
		188297D1198FAA8600AF8881 /* LRouteController.m */ = {isa = PBXFileReference; fileEncoding = 4; lastKnownFileType = sourcecode.c.objc; path = LRouteController.m; sourceTree = "<group>"; };
		188297DC198FAB9900AF8881 /* Reachability.h */ = {isa = PBXFileReference; fileEncoding = 4; lastKnownFileType = sourcecode.c.h; path = Reachability.h; sourceTree = "<group>"; };
		188297DD198FAB9900AF8881 /* Reachability.m */ = {isa = PBXFileReference; fileEncoding = 4; lastKnownFileType = sourcecode.c.objc; path = Reachability.m; sourceTree = "<group>"; };
/* End PBXFileReference section */

/* Begin PBXFrameworksBuildPhase section */
		1882975D198F895F00AF8881 /* Frameworks */ = {
			isa = PBXFrameworksBuildPhase;
			buildActionMask = 2147483647;
			files = (
				188297B3198F8B3900AF8881 /* SystemConfiguration.framework in Frameworks */,
				188297B1198F8B3100AF8881 /* QuartzCore.framework in Frameworks */,
				188297AF198F8B2B00AF8881 /* OpenGLES.framework in Frameworks */,
				188297AD198F8B2500AF8881 /* libz.dylib in Frameworks */,
				188297AB198F8B1E00AF8881 /* libicucore.dylib in Frameworks */,
				188297A9198F8B1700AF8881 /* libc++.dylib in Frameworks */,
				188297A7198F8B0800AF8881 /* ImageIO.framework in Frameworks */,
				188297A5198F8B0100AF8881 /* GLKit.framework in Frameworks */,
				188297A3198F8AFB00AF8881 /* CoreText.framework in Frameworks */,
				188297A1198F8AF400AF8881 /* CoreLocation.framework in Frameworks */,
				1882979F198F8AEC00AF8881 /* CoreData.framework in Frameworks */,
				1882979D198F8ADD00AF8881 /* AVFoundation.framework in Frameworks */,
				18829766198F895F00AF8881 /* CoreGraphics.framework in Frameworks */,
				18829768198F895F00AF8881 /* UIKit.framework in Frameworks */,
				188297B9198F98DD00AF8881 /* GoogleMaps.framework in Frameworks */,
				18829764198F895F00AF8881 /* Foundation.framework in Frameworks */,
			);
			runOnlyForDeploymentPostprocessing = 0;
		};
		18829778198F895F00AF8881 /* Frameworks */ = {
			isa = PBXFrameworksBuildPhase;
			buildActionMask = 2147483647;
			files = (
				1882977D198F895F00AF8881 /* XCTest.framework in Frameworks */,
				1882977F198F895F00AF8881 /* UIKit.framework in Frameworks */,
				1882977E198F895F00AF8881 /* Foundation.framework in Frameworks */,
			);
			runOnlyForDeploymentPostprocessing = 0;
		};
/* End PBXFrameworksBuildPhase section */

/* Begin PBXGroup section */
		18829757198F895F00AF8881 = {
			isa = PBXGroup;
			children = (
				188297DC198FAB9900AF8881 /* Reachability.h */,
				188297DD198FAB9900AF8881 /* Reachability.m */,
				188297DB198FAA8A00AF8881 /* ASHI */,
				188297D0198FAA8600AF8881 /* LRouteController.h */,
				188297D1198FAA8600AF8881 /* LRouteController.m */,
				18829769198F895F00AF8881 /* Google Path */,
				18829782198F895F00AF8881 /* Google PathTests */,
				18829762198F895F00AF8881 /* Frameworks */,
				18829761198F895F00AF8881 /* Products */,
			);
			sourceTree = "<group>";
		};
		18829761198F895F00AF8881 /* Products */ = {
			isa = PBXGroup;
			children = (
				18829760198F895F00AF8881 /* Google Path.app */,
				1882977B198F895F00AF8881 /* Google PathTests.xctest */,
			);
			name = Products;
			sourceTree = "<group>";
		};
		18829762198F895F00AF8881 /* Frameworks */ = {
			isa = PBXGroup;
			children = (
				188297BA198F98F900AF8881 /* GoogleMaps.bundle */,
				188297B8198F98DD00AF8881 /* GoogleMaps.framework */,
				188297B2198F8B3900AF8881 /* SystemConfiguration.framework */,
				188297B0198F8B3100AF8881 /* QuartzCore.framework */,
				188297AE198F8B2B00AF8881 /* OpenGLES.framework */,
				188297AC198F8B2500AF8881 /* libz.dylib */,
				188297AA198F8B1E00AF8881 /* libicucore.dylib */,
				188297A8198F8B1700AF8881 /* libc++.dylib */,
				188297A6198F8B0800AF8881 /* ImageIO.framework */,
				188297A4198F8B0100AF8881 /* GLKit.framework */,
				188297A2198F8AFB00AF8881 /* CoreText.framework */,
				188297A0198F8AF400AF8881 /* CoreLocation.framework */,
				1882979E198F8AEC00AF8881 /* CoreData.framework */,
				1882979C198F8ADD00AF8881 /* AVFoundation.framework */,
				18829763198F895F00AF8881 /* Foundation.framework */,
				18829765198F895F00AF8881 /* CoreGraphics.framework */,
				18829767198F895F00AF8881 /* UIKit.framework */,
				1882977C198F895F00AF8881 /* XCTest.framework */,
			);
			name = Frameworks;
			sourceTree = "<group>";
		};
		18829769198F895F00AF8881 /* Google Path */ = {
			isa = PBXGroup;
			children = (
				18829772198F895F00AF8881 /* AppDelegate.h */,
				18829773198F895F00AF8881 /* AppDelegate.m */,
				18829795198F899100AF8881 /* googlePathDrawViewController.h */,
				18829796198F899100AF8881 /* googlePathDrawViewController.m */,
				18829797198F899100AF8881 /* googlePathDrawViewController.xib */,
				18829775198F895F00AF8881 /* Images.xcassets */,
				1882976A198F895F00AF8881 /* Supporting Files */,
			);
			path = "Google Path";
			sourceTree = "<group>";
		};
		1882976A198F895F00AF8881 /* Supporting Files */ = {
			isa = PBXGroup;
			children = (
				1882976B198F895F00AF8881 /* Google Path-Info.plist */,
				1882976C198F895F00AF8881 /* InfoPlist.strings */,
				1882976F198F895F00AF8881 /* main.m */,
				18829771198F895F00AF8881 /* Google Path-Prefix.pch */,
			);
			name = "Supporting Files";
			sourceTree = "<group>";
		};
		18829782198F895F00AF8881 /* Google PathTests */ = {
			isa = PBXGroup;
			children = (
				18829788198F895F00AF8881 /* Google_PathTests.m */,
				18829783198F895F00AF8881 /* Supporting Files */,
			);
			path = "Google PathTests";
			sourceTree = "<group>";
		};
		18829783198F895F00AF8881 /* Supporting Files */ = {
			isa = PBXGroup;
			children = (
				18829784198F895F00AF8881 /* Google PathTests-Info.plist */,
				18829785198F895F00AF8881 /* InfoPlist.strings */,
			);
			name = "Supporting Files";
			sourceTree = "<group>";
		};
		188297DB198FAA8A00AF8881 /* ASHI */ = {
			isa = PBXGroup;
			children = (
				188297BC198FAA8600AF8881 /* ASIAuthenticationDialog.h */,
				188297BD198FAA8600AF8881 /* ASIAuthenticationDialog.m */,
				188297BE198FAA8600AF8881 /* ASICacheDelegate.h */,
				188297BF198FAA8600AF8881 /* ASIDataCompressor.h */,
				188297C0198FAA8600AF8881 /* ASIDataCompressor.m */,
				188297C1198FAA8600AF8881 /* ASIDataDecompressor.h */,
				188297C2198FAA8600AF8881 /* ASIDataDecompressor.m */,
				188297C3198FAA8600AF8881 /* ASIDownloadCache.h */,
				188297C4198FAA8600AF8881 /* ASIDownloadCache.m */,
				188297C5198FAA8600AF8881 /* ASIFormDataRequest.h */,
				188297C6198FAA8600AF8881 /* ASIFormDataRequest.m */,
				188297C7198FAA8600AF8881 /* ASIHTTPRequest.h */,
				188297C8198FAA8600AF8881 /* ASIHTTPRequest.m */,
				188297C9198FAA8600AF8881 /* ASIHTTPRequestConfig.h */,
				188297CA198FAA8600AF8881 /* ASIHTTPRequestDelegate.h */,
				188297CB198FAA8600AF8881 /* ASIInputStream.h */,
				188297CC198FAA8600AF8881 /* ASIInputStream.m */,
				188297CD198FAA8600AF8881 /* ASINetworkQueue.h */,
				188297CE198FAA8600AF8881 /* ASINetworkQueue.m */,
				188297CF198FAA8600AF8881 /* ASIProgressDelegate.h */,
			);
			name = ASHI;
			sourceTree = "<group>";
		};
/* End PBXGroup section */

/* Begin PBXNativeTarget section */
		1882975F198F895F00AF8881 /* Google Path */ = {
			isa = PBXNativeTarget;
			buildConfigurationList = 1882978C198F895F00AF8881 /* Build configuration list for PBXNativeTarget "Google Path" */;
			buildPhases = (
				1882975C198F895F00AF8881 /* Sources */,
				1882975D198F895F00AF8881 /* Frameworks */,
				1882975E198F895F00AF8881 /* Resources */,
			);
			buildRules = (
			);
			dependencies = (
			);
			name = "Google Path";
			productName = "Google Path";
			productReference = 18829760198F895F00AF8881 /* Google Path.app */;
			productType = "com.apple.product-type.application";
		};
		1882977A198F895F00AF8881 /* Google PathTests */ = {
			isa = PBXNativeTarget;
			buildConfigurationList = 1882978F198F895F00AF8881 /* Build configuration list for PBXNativeTarget "Google PathTests" */;
			buildPhases = (
				18829777198F895F00AF8881 /* Sources */,
				18829778198F895F00AF8881 /* Frameworks */,
				18829779198F895F00AF8881 /* Resources */,
			);
			buildRules = (
			);
			dependencies = (
				18829781198F895F00AF8881 /* PBXTargetDependency */,
			);
			name = "Google PathTests";
			productName = "Google PathTests";
			productReference = 1882977B198F895F00AF8881 /* Google PathTests.xctest */;
			productType = "com.apple.product-type.bundle.unit-test";
		};
/* End PBXNativeTarget section */

/* Begin PBXProject section */
		18829758198F895F00AF8881 /* Project object */ = {
			isa = PBXProject;
			attributes = {
				LastUpgradeCheck = 0510;
				ORGANIZATIONNAME = SAG;
				TargetAttributes = {
					1882977A198F895F00AF8881 = {
						TestTargetID = 1882975F198F895F00AF8881;
					};
				};
			};
			buildConfigurationList = 1882975B198F895F00AF8881 /* Build configuration list for PBXProject "Google Path" */;
			compatibilityVersion = "Xcode 3.2";
			developmentRegion = English;
			hasScannedForEncodings = 0;
			knownRegions = (
				en,
			);
			mainGroup = 18829757198F895F00AF8881;
			productRefGroup = 18829761198F895F00AF8881 /* Products */;
			projectDirPath = "";
			projectRoot = "";
			targets = (
				1882975F198F895F00AF8881 /* Google Path */,
				1882977A198F895F00AF8881 /* Google PathTests */,
			);
		};
/* End PBXProject section */

/* Begin PBXResourcesBuildPhase section */
		1882975E198F895F00AF8881 /* Resources */ = {
			isa = PBXResourcesBuildPhase;
			buildActionMask = 2147483647;
			files = (
				1882976E198F895F00AF8881 /* InfoPlist.strings in Resources */,
				18829799198F899100AF8881 /* googlePathDrawViewController.xib in Resources */,
				18829776198F895F00AF8881 /* Images.xcassets in Resources */,
				188297BB198F98F900AF8881 /* GoogleMaps.bundle in Resources */,
			);
			runOnlyForDeploymentPostprocessing = 0;
		};
		18829779198F895F00AF8881 /* Resources */ = {
			isa = PBXResourcesBuildPhase;
			buildActionMask = 2147483647;
			files = (
				18829787198F895F00AF8881 /* InfoPlist.strings in Resources */,
			);
			runOnlyForDeploymentPostprocessing = 0;
		};
/* End PBXResourcesBuildPhase section */

/* Begin PBXSourcesBuildPhase section */
		1882975C198F895F00AF8881 /* Sources */ = {
			isa = PBXSourcesBuildPhase;
			buildActionMask = 2147483647;
			files = (
				188297DE198FAB9900AF8881 /* Reachability.m in Sources */,
				188297DA198FAA8600AF8881 /* LRouteController.m in Sources */,
				188297D3198FAA8600AF8881 /* ASIDataCompressor.m in Sources */,
				18829774198F895F00AF8881 /* AppDelegate.m in Sources */,
				188297D7198FAA8600AF8881 /* ASIHTTPRequest.m in Sources */,
				188297D2198FAA8600AF8881 /* ASIAuthenticationDialog.m in Sources */,
				188297D6198FAA8600AF8881 /* ASIFormDataRequest.m in Sources */,
				18829770198F895F00AF8881 /* main.m in Sources */,
				188297D8198FAA8600AF8881 /* ASIInputStream.m in Sources */,
				18829798198F899100AF8881 /* googlePathDrawViewController.m in Sources */,
				188297D9198FAA8600AF8881 /* ASINetworkQueue.m in Sources */,
				188297D4198FAA8600AF8881 /* ASIDataDecompressor.m in Sources */,
				188297D5198FAA8600AF8881 /* ASIDownloadCache.m in Sources */,
			);
			runOnlyForDeploymentPostprocessing = 0;
		};
		18829777198F895F00AF8881 /* Sources */ = {
			isa = PBXSourcesBuildPhase;
			buildActionMask = 2147483647;
			files = (
				18829789198F895F00AF8881 /* Google_PathTests.m in Sources */,
			);
			runOnlyForDeploymentPostprocessing = 0;
		};
/* End PBXSourcesBuildPhase section */

/* Begin PBXTargetDependency section */
		18829781198F895F00AF8881 /* PBXTargetDependency */ = {
			isa = PBXTargetDependency;
			target = 1882975F198F895F00AF8881 /* Google Path */;
			targetProxy = 18829780198F895F00AF8881 /* PBXContainerItemProxy */;
		};
/* End PBXTargetDependency section */

/* Begin PBXVariantGroup section */
		1882976C198F895F00AF8881 /* InfoPlist.strings */ = {
			isa = PBXVariantGroup;
			children = (
				1882976D198F895F00AF8881 /* en */,
			);
			name = InfoPlist.strings;
			sourceTree = "<group>";
		};
		18829785198F895F00AF8881 /* InfoPlist.strings */ = {
			isa = PBXVariantGroup;
			children = (
				18829786198F895F00AF8881 /* en */,
			);
			name = InfoPlist.strings;
			sourceTree = "<group>";
		};
/* End PBXVariantGroup section */

/* Begin XCBuildConfiguration section */
		1882978A198F895F00AF8881 /* Debug */ = {
			isa = XCBuildConfiguration;
			buildSettings = {
				ALWAYS_SEARCH_USER_PATHS = NO;
				CLANG_CXX_LANGUAGE_STANDARD = "gnu++0x";
				CLANG_CXX_LIBRARY = "libc++";
				CLANG_ENABLE_MODULES = YES;
				CLANG_ENABLE_OBJC_ARC = YES;
				CLANG_WARN_BOOL_CONVERSION = YES;
				CLANG_WARN_CONSTANT_CONVERSION = YES;
				CLANG_WARN_DIRECT_OBJC_ISA_USAGE = YES_ERROR;
				CLANG_WARN_EMPTY_BODY = YES;
				CLANG_WARN_ENUM_CONVERSION = YES;
				CLANG_WARN_INT_CONVERSION = YES;
				CLANG_WARN_OBJC_ROOT_CLASS = YES_ERROR;
				CLANG_WARN__DUPLICATE_METHOD_MATCH = YES;
				"CODE_SIGN_IDENTITY[sdk=iphoneos*]" = "iPhone Developer";
				COPY_PHASE_STRIP = NO;
				GCC_C_LANGUAGE_STANDARD = gnu99;
				GCC_DYNAMIC_NO_PIC = NO;
				GCC_OPTIMIZATION_LEVEL = 0;
				GCC_PREPROCESSOR_DEFINITIONS = (
					"DEBUG=1",
					"$(inherited)",
				);
				GCC_SYMBOLS_PRIVATE_EXTERN = NO;
				GCC_WARN_64_TO_32_BIT_CONVERSION = YES;
				GCC_WARN_ABOUT_RETURN_TYPE = YES_ERROR;
				GCC_WARN_UNDECLARED_SELECTOR = YES;
				GCC_WARN_UNINITIALIZED_AUTOS = YES_AGGRESSIVE;
				GCC_WARN_UNUSED_FUNCTION = YES;
				GCC_WARN_UNUSED_VARIABLE = YES;
				IPHONEOS_DEPLOYMENT_TARGET = 7.1;
				ONLY_ACTIVE_ARCH = YES;
				SDKROOT = iphoneos;
				TARGETED_DEVICE_FAMILY = "1,2";
			};
			name = Debug;
		};
		1882978B198F895F00AF8881 /* Release */ = {
			isa = XCBuildConfiguration;
			buildSettings = {
				ALWAYS_SEARCH_USER_PATHS = NO;
				CLANG_CXX_LANGUAGE_STANDARD = "gnu++0x";
				CLANG_CXX_LIBRARY = "libc++";
				CLANG_ENABLE_MODULES = YES;
				CLANG_ENABLE_OBJC_ARC = YES;
				CLANG_WARN_BOOL_CONVERSION = YES;
				CLANG_WARN_CONSTANT_CONVERSION = YES;
				CLANG_WARN_DIRECT_OBJC_ISA_USAGE = YES_ERROR;
				CLANG_WARN_EMPTY_BODY = YES;
				CLANG_WARN_ENUM_CONVERSION = YES;
				CLANG_WARN_INT_CONVERSION = YES;
				CLANG_WARN_OBJC_ROOT_CLASS = YES_ERROR;
				CLANG_WARN__DUPLICATE_METHOD_MATCH = YES;
				"CODE_SIGN_IDENTITY[sdk=iphoneos*]" = "iPhone Developer";
				COPY_PHASE_STRIP = YES;
				ENABLE_NS_ASSERTIONS = NO;
				GCC_C_LANGUAGE_STANDARD = gnu99;
				GCC_WARN_64_TO_32_BIT_CONVERSION = YES;
				GCC_WARN_ABOUT_RETURN_TYPE = YES_ERROR;
				GCC_WARN_UNDECLARED_SELECTOR = YES;
				GCC_WARN_UNINITIALIZED_AUTOS = YES_AGGRESSIVE;
				GCC_WARN_UNUSED_FUNCTION = YES;
				GCC_WARN_UNUSED_VARIABLE = YES;
				IPHONEOS_DEPLOYMENT_TARGET = 7.1;
				SDKROOT = iphoneos;
				TARGETED_DEVICE_FAMILY = "1,2";
				VALIDATE_PRODUCT = YES;
			};
			name = Release;
		};
		1882978D198F895F00AF8881 /* Debug */ = {
			isa = XCBuildConfiguration;
			buildSettings = {
				ASSETCATALOG_COMPILER_APPICON_NAME = AppIcon;
				ASSETCATALOG_COMPILER_LAUNCHIMAGE_NAME = LaunchImage;
				FRAMEWORK_SEARCH_PATHS = (
					"$(inherited)",
					"$(PROJECT_DIR)",
				);
				GCC_PRECOMPILE_PREFIX_HEADER = YES;
				GCC_PREFIX_HEADER = "Google Path/Google Path-Prefix.pch";
				INFOPLIST_FILE = "Google Path/Google Path-Info.plist";
				OTHER_LDFLAGS = "-ObjC";
				PRODUCT_NAME = "$(TARGET_NAME)";
				WRAPPER_EXTENSION = app;
			};
			name = Debug;
		};
		1882978E198F895F00AF8881 /* Release */ = {
			isa = XCBuildConfiguration;
			buildSettings = {
				ASSETCATALOG_COMPILER_APPICON_NAME = AppIcon;
				ASSETCATALOG_COMPILER_LAUNCHIMAGE_NAME = LaunchImage;
				FRAMEWORK_SEARCH_PATHS = (
					"$(inherited)",
					"$(PROJECT_DIR)",
				);
				GCC_PRECOMPILE_PREFIX_HEADER = YES;
				GCC_PREFIX_HEADER = "Google Path/Google Path-Prefix.pch";
				INFOPLIST_FILE = "Google Path/Google Path-Info.plist";
				OTHER_LDFLAGS = "-ObjC";
				PRODUCT_NAME = "$(TARGET_NAME)";
				WRAPPER_EXTENSION = app;
			};
			name = Release;
		};
		18829790198F895F00AF8881 /* Debug */ = {
			isa = XCBuildConfiguration;
			buildSettings = {
				BUNDLE_LOADER = "$(BUILT_PRODUCTS_DIR)/Google Path.app/Google Path";
				FRAMEWORK_SEARCH_PATHS = (
					"$(SDKROOT)/Developer/Library/Frameworks",
					"$(inherited)",
					"$(DEVELOPER_FRAMEWORKS_DIR)",
				);
				GCC_PRECOMPILE_PREFIX_HEADER = YES;
				GCC_PREFIX_HEADER = "Google Path/Google Path-Prefix.pch";
				GCC_PREPROCESSOR_DEFINITIONS = (
					"DEBUG=1",
					"$(inherited)",
				);
				INFOPLIST_FILE = "Google PathTests/Google PathTests-Info.plist";
				PRODUCT_NAME = "$(TARGET_NAME)";
				TEST_HOST = "$(BUNDLE_LOADER)";
				WRAPPER_EXTENSION = xctest;
			};
			name = Debug;
		};
		18829791198F895F00AF8881 /* Release */ = {
			isa = XCBuildConfiguration;
			buildSettings = {
				BUNDLE_LOADER = "$(BUILT_PRODUCTS_DIR)/Google Path.app/Google Path";
				FRAMEWORK_SEARCH_PATHS = (
					"$(SDKROOT)/Developer/Library/Frameworks",
					"$(inherited)",
					"$(DEVELOPER_FRAMEWORKS_DIR)",
				);
				GCC_PRECOMPILE_PREFIX_HEADER = YES;
				GCC_PREFIX_HEADER = "Google Path/Google Path-Prefix.pch";
				INFOPLIST_FILE = "Google PathTests/Google PathTests-Info.plist";
				PRODUCT_NAME = "$(TARGET_NAME)";
				TEST_HOST = "$(BUNDLE_LOADER)";
				WRAPPER_EXTENSION = xctest;
			};
			name = Release;
		};
/* End XCBuildConfiguration section */

/* Begin XCConfigurationList section */
		1882975B198F895F00AF8881 /* Build configuration list for PBXProject "Google Path" */ = {
			isa = XCConfigurationList;
			buildConfigurations = (
				1882978A198F895F00AF8881 /* Debug */,
				1882978B198F895F00AF8881 /* Release */,
			);
			defaultConfigurationIsVisible = 0;
			defaultConfigurationName = Release;
		};
		1882978C198F895F00AF8881 /* Build configuration list for PBXNativeTarget "Google Path" */ = {
			isa = XCConfigurationList;
			buildConfigurations = (
				1882978D198F895F00AF8881 /* Debug */,
				1882978E198F895F00AF8881 /* Release */,
			);
			defaultConfigurationIsVisible = 0;
		};
		1882978F198F895F00AF8881 /* Build configuration list for PBXNativeTarget "Google PathTests" */ = {
			isa = XCConfigurationList;
			buildConfigurations = (
				18829790198F895F00AF8881 /* Debug */,
				18829791198F895F00AF8881 /* Release */,
			);
			defaultConfigurationIsVisible = 0;
		};
/* End XCConfigurationList section */
	};
	rootObject = 18829758198F895F00AF8881 /* Project object */;
}
